{
  "pins" : [
    {
      "identity" : "heycharge-ios-sdk",
      "kind" : "remoteSourceControl",
      "location" : "https://github.com/HeyChargeEVCharging/heycharge-ios-sdk.git",
      "state" : {
        "branch" : "main",
        "revision" : "a80f1464f58f732dafa71691494fe5a4943f389b"
      }
    },
    {
      "identity" : "swift-protobuf",
      "kind" : "remoteSourceControl",
      "location" : "https://github.com/apple/swift-protobuf.git",
      "state" : {
        "revision" : "ce20dc083ee485524b802669890291c0d8090170",
        "version" : "1.22.1"
      }
    }
  ],
  "version" : 2
}
