{
  "pins" : [
    {
      "identity" : "heycharge-ios-sdk",
      "kind" : "remoteSourceControl",
      "location" : "https://github.com/HeyChargeEVCharging/heycharge-ios-sdk.git",
      "state" : {
        "branch" : "dev",
        "revision" : "d08f94b2d5222f5898b6a7fba08d668ed932c78a"
      }
    },
    {
      "identity" : "swift-protobuf",
      "kind" : "remoteSourceControl",
      "location" : "https://github.com/apple/swift-protobuf.git",
      "state" : {
        "revision" : "ce20dc083ee485524b802669890291c0d8090170",
        "version" : "1.22.1"
      }
    }
  ],
  "version" : 2
}
