// !$*UTF8*$!
{
	archiveVersion = 1;
	classes = {
	};
	objectVersion = 56;
	objects = {

/* Begin PBXBuildFile section */
		6B7C305D28F6D4FE00C6BE91 /* HeyChargeiOSApp.swift in Sources */ = {isa = PBXBuildFile; fileRef = 6B7C305C28F6D4FE00C6BE91 /* HeyChargeiOSApp.swift */; };
		6B7C305F28F6D4FE00C6BE91 /* ContentView.swift in Sources */ = {isa = PBXBuildFile; fileRef = 6B7C305E28F6D4FE00C6BE91 /* ContentView.swift */; };
		6B7C306128F6D50000C6BE91 /* Assets.xcassets in Resources */ = {isa = PBXBuildFile; fileRef = 6B7C306028F6D50000C6BE91 /* Assets.xcassets */; };
		6B7C306428F6D50000C6BE91 /* Preview Assets.xcassets in Resources */ = {isa = PBXBuildFile; fileRef = 6B7C306328F6D50000C6BE91 /* Preview Assets.xcassets */; };
		6B7C306B28F6D59400C6BE91 /* ChargerTabView.swift in Sources */ = {isa = PBXBuildFile; fileRef = 6B7C306A28F6D59400C6BE91 /* ChargerTabView.swift */; };
		6B7C306D28F6D5AF00C6BE91 /* HistoryTabView.swift in Sources */ = {isa = PBXBuildFile; fileRef = 6B7C306C28F6D5AF00C6BE91 /* HistoryTabView.swift */; };
		6B7C306F28F6D5D500C6BE91 /* MoreTabView.swift in Sources */ = {isa = PBXBuildFile; fileRef = 6B7C306E28F6D5D500C6BE91 /* MoreTabView.swift */; };
		6B7C307128F6DC0700C6BE91 /* ChargerRowView.swift in Sources */ = {isa = PBXBuildFile; fileRef = 6B7C307028F6DC0700C6BE91 /* ChargerRowView.swift */; };
		6B7C307428F6DEC100C6BE91 /* Charger.swift in Sources */ = {isa = PBXBuildFile; fileRef = 6B7C307328F6DEC100C6BE91 /* Charger.swift */; };
		6B7C309328F745C200C6BE91 /* ios_sdk.framework in Frameworks */ = {isa = PBXBuildFile; fileRef = 6B7C308F28F7459100C6BE91 /* ios_sdk.framework */; };
		6B7C309428F745C200C6BE91 /* ios_sdk.framework in Embed Frameworks */ = {isa = PBXBuildFile; fileRef = 6B7C308F28F7459100C6BE91 /* ios_sdk.framework */; settings = {ATTRIBUTES = (CodeSignOnCopy, RemoveHeadersOnCopy, ); }; };
		6B7C309728FB5E7700C6BE91 /* ChargerTabViewModel.swift in Sources */ = {isa = PBXBuildFile; fileRef = 6B7C309628FB5E7700C6BE91 /* ChargerTabViewModel.swift */; };
/* End PBXBuildFile section */

/* Begin PBXContainerItemProxy section */
		6B7C308E28F7459100C6BE91 /* PBXContainerItemProxy */ = {
			isa = PBXContainerItemProxy;
			containerPortal = 6B7C308928F7459100C6BE91 /* ios-sdk.xcodeproj */;
			proxyType = 2;
			remoteGlobalIDString = 6BC0D924273972F700A22393;
			remoteInfo = "ios-sdk";
		};
		6B7C309028F7459100C6BE91 /* PBXContainerItemProxy */ = {
			isa = PBXContainerItemProxy;
			containerPortal = 6B7C308928F7459100C6BE91 /* ios-sdk.xcodeproj */;
			proxyType = 2;
			remoteGlobalIDString = 6BC0D92D273972F700A22393;
			remoteInfo = "ios-sdkTests";
		};
/* End PBXContainerItemProxy section */

/* Begin PBXCopyFilesBuildPhase section */
		6B7C309528F745C200C6BE91 /* Embed Frameworks */ = {
			isa = PBXCopyFilesBuildPhase;
			buildActionMask = 2147483647;
			dstPath = "";
			dstSubfolderSpec = 10;
			files = (
				6B7C309428F745C200C6BE91 /* ios_sdk.framework in Embed Frameworks */,
			);
			name = "Embed Frameworks";
			runOnlyForDeploymentPostprocessing = 0;
		};
/* End PBXCopyFilesBuildPhase section */

/* Begin PBXFileReference section */
		6B7C305928F6D4FE00C6BE91 /* HeyChargeiOS.app */ = {isa = PBXFileReference; explicitFileType = wrapper.application; includeInIndex = 0; path = HeyChargeiOS.app; sourceTree = BUILT_PRODUCTS_DIR; };
		6B7C305C28F6D4FE00C6BE91 /* HeyChargeiOSApp.swift */ = {isa = PBXFileReference; lastKnownFileType = sourcecode.swift; path = HeyChargeiOSApp.swift; sourceTree = "<group>"; };
		6B7C305E28F6D4FE00C6BE91 /* ContentView.swift */ = {isa = PBXFileReference; lastKnownFileType = sourcecode.swift; path = ContentView.swift; sourceTree = "<group>"; };
		6B7C306028F6D50000C6BE91 /* Assets.xcassets */ = {isa = PBXFileReference; lastKnownFileType = folder.assetcatalog; path = Assets.xcassets; sourceTree = "<group>"; };
		6B7C306328F6D50000C6BE91 /* Preview Assets.xcassets */ = {isa = PBXFileReference; lastKnownFileType = folder.assetcatalog; path = "Preview Assets.xcassets"; sourceTree = "<group>"; };
		6B7C306A28F6D59400C6BE91 /* ChargerTabView.swift */ = {isa = PBXFileReference; lastKnownFileType = sourcecode.swift; path = ChargerTabView.swift; sourceTree = "<group>"; };
		6B7C306C28F6D5AF00C6BE91 /* HistoryTabView.swift */ = {isa = PBXFileReference; lastKnownFileType = sourcecode.swift; path = HistoryTabView.swift; sourceTree = "<group>"; };
		6B7C306E28F6D5D500C6BE91 /* MoreTabView.swift */ = {isa = PBXFileReference; lastKnownFileType = sourcecode.swift; path = MoreTabView.swift; sourceTree = "<group>"; };
		6B7C307028F6DC0700C6BE91 /* ChargerRowView.swift */ = {isa = PBXFileReference; lastKnownFileType = sourcecode.swift; path = ChargerRowView.swift; sourceTree = "<group>"; };
		6B7C307328F6DEC100C6BE91 /* Charger.swift */ = {isa = PBXFileReference; lastKnownFileType = sourcecode.swift; path = Charger.swift; sourceTree = "<group>"; };
		6B7C308928F7459100C6BE91 /* ios-sdk.xcodeproj */ = {isa = PBXFileReference; lastKnownFileType = "wrapper.pb-project"; name = "ios-sdk.xcodeproj"; path = "../../../heycharge/ios-sdk/ios-sdk.xcodeproj"; sourceTree = "<group>"; };
		6B7C309628FB5E7700C6BE91 /* ChargerTabViewModel.swift */ = {isa = PBXFileReference; lastKnownFileType = sourcecode.swift; path = ChargerTabViewModel.swift; sourceTree = "<group>"; };
/* End PBXFileReference section */

/* Begin PBXFrameworksBuildPhase section */
		6B7C305628F6D4FE00C6BE91 /* Frameworks */ = {
			isa = PBXFrameworksBuildPhase;
			buildActionMask = 2147483647;
			files = (
				6B7C309328F745C200C6BE91 /* ios_sdk.framework in Frameworks */,
			);
			runOnlyForDeploymentPostprocessing = 0;
		};
/* End PBXFrameworksBuildPhase section */

/* Begin PBXGroup section */
		6B7C305028F6D4FE00C6BE91 = {
			isa = PBXGroup;
			children = (
				6B7C305B28F6D4FE00C6BE91 /* HeyChargeiOS */,
				6B7C305A28F6D4FE00C6BE91 /* Products */,
				6B7C309228F745C200C6BE91 /* Frameworks */,
			);
			sourceTree = "<group>";
		};
		6B7C305A28F6D4FE00C6BE91 /* Products */ = {
			isa = PBXGroup;
			children = (
				6B7C305928F6D4FE00C6BE91 /* HeyChargeiOS.app */,
			);
			name = Products;
			sourceTree = "<group>";
		};
		6B7C305B28F6D4FE00C6BE91 /* HeyChargeiOS */ = {
			isa = PBXGroup;
			children = (
				6B7C308928F7459100C6BE91 /* ios-sdk.xcodeproj */,
				6B7C307528F6DEEF00C6BE91 /* Views */,
				6B7C307228F6DEAE00C6BE91 /* Models */,
				6B7C305C28F6D4FE00C6BE91 /* HeyChargeiOSApp.swift */,
				6B7C305E28F6D4FE00C6BE91 /* ContentView.swift */,
				6B7C306028F6D50000C6BE91 /* Assets.xcassets */,
				6B7C306228F6D50000C6BE91 /* Preview Content */,
			);
			path = HeyChargeiOS;
			sourceTree = "<group>";
		};
		6B7C306228F6D50000C6BE91 /* Preview Content */ = {
			isa = PBXGroup;
			children = (
				6B7C306328F6D50000C6BE91 /* Preview Assets.xcassets */,
			);
			path = "Preview Content";
			sourceTree = "<group>";
		};
		6B7C307228F6DEAE00C6BE91 /* Models */ = {
			isa = PBXGroup;
			children = (
				6B7C307328F6DEC100C6BE91 /* Charger.swift */,
			);
			path = Models;
			sourceTree = "<group>";
		};
		6B7C307528F6DEEF00C6BE91 /* Views */ = {
			isa = PBXGroup;
			children = (
				6B7C306A28F6D59400C6BE91 /* ChargerTabView.swift */,
				6B7C306C28F6D5AF00C6BE91 /* HistoryTabView.swift */,
				6B7C306E28F6D5D500C6BE91 /* MoreTabView.swift */,
				6B7C307028F6DC0700C6BE91 /* ChargerRowView.swift */,
				6B7C309628FB5E7700C6BE91 /* ChargerTabViewModel.swift */,
			);
			path = Views;
			sourceTree = "<group>";
		};
		6B7C308A28F7459100C6BE91 /* Products */ = {
			isa = PBXGroup;
			children = (
				6B7C308F28F7459100C6BE91 /* ios_sdk.framework */,
				6B7C309128F7459100C6BE91 /* ios-sdkTests.xctest */,
			);
			name = Products;
			sourceTree = "<group>";
		};
		6B7C309228F745C200C6BE91 /* Frameworks */ = {
			isa = PBXGroup;
			children = (
			);
			name = Frameworks;
			sourceTree = "<group>";
		};
/* End PBXGroup section */

/* Begin PBXNativeTarget section */
		6B7C305828F6D4FE00C6BE91 /* HeyChargeiOS */ = {
			isa = PBXNativeTarget;
			buildConfigurationList = 6B7C306728F6D50000C6BE91 /* Build configuration list for PBXNativeTarget "HeyChargeiOS" */;
			buildPhases = (
				6B7C305528F6D4FE00C6BE91 /* Sources */,
				6B7C305628F6D4FE00C6BE91 /* Frameworks */,
				6B7C305728F6D4FE00C6BE91 /* Resources */,
				6B7C309528F745C200C6BE91 /* Embed Frameworks */,
			);
			buildRules = (
			);
			dependencies = (
			);
			name = HeyChargeiOS;
			productName = HeyChargeiOS;
			productReference = 6B7C305928F6D4FE00C6BE91 /* HeyChargeiOS.app */;
			productType = "com.apple.product-type.application";
		};
/* End PBXNativeTarget section */

/* Begin PBXProject section */
		6B7C305128F6D4FE00C6BE91 /* Project object */ = {
			isa = PBXProject;
			attributes = {
				BuildIndependentTargetsInParallel = 1;
				LastSwiftUpdateCheck = 1400;
				LastUpgradeCheck = 1400;
				TargetAttributes = {
					6B7C305828F6D4FE00C6BE91 = {
						CreatedOnToolsVersion = 14.0;
					};
				};
			};
			buildConfigurationList = 6B7C305428F6D4FE00C6BE91 /* Build configuration list for PBXProject "HeyChargeiOS" */;
			compatibilityVersion = "Xcode 14.0";
			developmentRegion = en;
			hasScannedForEncodings = 0;
			knownRegions = (
				en,
				Base,
			);
			mainGroup = 6B7C305028F6D4FE00C6BE91;
			productRefGroup = 6B7C305A28F6D4FE00C6BE91 /* Products */;
			projectDirPath = "";
			projectReferences = (
				{
					ProductGroup = 6B7C308A28F7459100C6BE91 /* Products */;
					ProjectRef = 6B7C308928F7459100C6BE91 /* ios-sdk.xcodeproj */;
				},
			);
			projectRoot = "";
			targets = (
				6B7C305828F6D4FE00C6BE91 /* HeyChargeiOS */,
			);
		};
/* End PBXProject section */

/* Begin PBXReferenceProxy section */
		6B7C308F28F7459100C6BE91 /* ios_sdk.framework */ = {
			isa = PBXReferenceProxy;
			fileType = wrapper.framework;
			path = ios_sdk.framework;
			remoteRef = 6B7C308E28F7459100C6BE91 /* PBXContainerItemProxy */;
			sourceTree = BUILT_PRODUCTS_DIR;
		};
		6B7C309128F7459100C6BE91 /* ios-sdkTests.xctest */ = {
			isa = PBXReferenceProxy;
			fileType = wrapper.cfbundle;
			path = "ios-sdkTests.xctest";
			remoteRef = 6B7C309028F7459100C6BE91 /* PBXContainerItemProxy */;
			sourceTree = BUILT_PRODUCTS_DIR;
		};
/* End PBXReferenceProxy section */

/* Begin PBXResourcesBuildPhase section */
		6B7C305728F6D4FE00C6BE91 /* Resources */ = {
			isa = PBXResourcesBuildPhase;
			buildActionMask = 2147483647;
			files = (
				6B7C306428F6D50000C6BE91 /* Preview Assets.xcassets in Resources */,
				6B7C306128F6D50000C6BE91 /* Assets.xcassets in Resources */,
			);
			runOnlyForDeploymentPostprocessing = 0;
		};
/* End PBXResourcesBuildPhase section */

/* Begin PBXSourcesBuildPhase section */
		6B7C305528F6D4FE00C6BE91 /* Sources */ = {
			isa = PBXSourcesBuildPhase;
			buildActionMask = 2147483647;
			files = (
				6B7C306B28F6D59400C6BE91 /* ChargerTabView.swift in Sources */,
				6B7C307428F6DEC100C6BE91 /* Charger.swift in Sources */,
				6B7C306D28F6D5AF00C6BE91 /* HistoryTabView.swift in Sources */,
				6B7C309728FB5E7700C6BE91 /* ChargerTabViewModel.swift in Sources */,
				6B7C305F28F6D4FE00C6BE91 /* ContentView.swift in Sources */,
				6B7C307128F6DC0700C6BE91 /* ChargerRowView.swift in Sources */,
				6B7C305D28F6D4FE00C6BE91 /* HeyChargeiOSApp.swift in Sources */,
				6B7C306F28F6D5D500C6BE91 /* MoreTabView.swift in Sources */,
			);
			runOnlyForDeploymentPostprocessing = 0;
		};
/* End PBXSourcesBuildPhase section */

/* Begin XCBuildConfiguration section */
		6B7C306528F6D50000C6BE91 /* Debug */ = {
			isa = XCBuildConfiguration;
			buildSettings = {
				ALWAYS_SEARCH_USER_PATHS = NO;
				CLANG_ANALYZER_NONNULL = YES;
				CLANG_ANALYZER_NUMBER_OBJECT_CONVERSION = YES_AGGRESSIVE;
				CLANG_CXX_LANGUAGE_STANDARD = "gnu++20";
				CLANG_ENABLE_MODULES = YES;
				CLANG_ENABLE_OBJC_ARC = YES;
				CLANG_ENABLE_OBJC_WEAK = YES;
				CLANG_WARN_BLOCK_CAPTURE_AUTORELEASING = YES;
				CLANG_WARN_BOOL_CONVERSION = YES;
				CLANG_WARN_COMMA = YES;
				CLANG_WARN_CONSTANT_CONVERSION = YES;
				CLANG_WARN_DEPRECATED_OBJC_IMPLEMENTATIONS = YES;
				CLANG_WARN_DIRECT_OBJC_ISA_USAGE = YES_ERROR;
				CLANG_WARN_DOCUMENTATION_COMMENTS = YES;
				CLANG_WARN_EMPTY_BODY = YES;
				CLANG_WARN_ENUM_CONVERSION = YES;
				CLANG_WARN_INFINITE_RECURSION = YES;
				CLANG_WARN_INT_CONVERSION = YES;
				CLANG_WARN_NON_LITERAL_NULL_CONVERSION = YES;
				CLANG_WARN_OBJC_IMPLICIT_RETAIN_SELF = YES;
				CLANG_WARN_OBJC_LITERAL_CONVERSION = YES;
				CLANG_WARN_OBJC_ROOT_CLASS = YES_ERROR;
				CLANG_WARN_QUOTED_INCLUDE_IN_FRAMEWORK_HEADER = YES;
				CLANG_WARN_RANGE_LOOP_ANALYSIS = YES;
				CLANG_WARN_STRICT_PROTOTYPES = YES;
				CLANG_WARN_SUSPICIOUS_MOVE = YES;
				CLANG_WARN_UNGUARDED_AVAILABILITY = YES_AGGRESSIVE;
				CLANG_WARN_UNREACHABLE_CODE = YES;
				CLANG_WARN__DUPLICATE_METHOD_MATCH = YES;
				COPY_PHASE_STRIP = NO;
				DEBUG_INFORMATION_FORMAT = dwarf;
				ENABLE_STRICT_OBJC_MSGSEND = YES;
				ENABLE_TESTABILITY = YES;
				GCC_C_LANGUAGE_STANDARD = gnu11;
				GCC_DYNAMIC_NO_PIC = NO;
				GCC_NO_COMMON_BLOCKS = YES;
				GCC_OPTIMIZATION_LEVEL = 0;
				GCC_PREPROCESSOR_DEFINITIONS = (
					"DEBUG=1",
					"$(inherited)",
				);
				GCC_WARN_64_TO_32_BIT_CONVERSION = YES;
				GCC_WARN_ABOUT_RETURN_TYPE = YES_ERROR;
				GCC_WARN_UNDECLARED_SELECTOR = YES;
				GCC_WARN_UNINITIALIZED_AUTOS = YES_AGGRESSIVE;
				GCC_WARN_UNUSED_FUNCTION = YES;
				GCC_WARN_UNUSED_VARIABLE = YES;
				IPHONEOS_DEPLOYMENT_TARGET = 16.0;
				MTL_ENABLE_DEBUG_INFO = INCLUDE_SOURCE;
				MTL_FAST_MATH = YES;
				ONLY_ACTIVE_ARCH = YES;
				SDKROOT = iphoneos;
				SWIFT_ACTIVE_COMPILATION_CONDITIONS = DEBUG;
				SWIFT_OPTIMIZATION_LEVEL = "-Onone";
			};
			name = Debug;
		};
		6B7C306628F6D50000C6BE91 /* Release */ = {
			isa = XCBuildConfiguration;
			buildSettings = {
				ALWAYS_SEARCH_USER_PATHS = NO;
				CLANG_ANALYZER_NONNULL = YES;
				CLANG_ANALYZER_NUMBER_OBJECT_CONVERSION = YES_AGGRESSIVE;
				CLANG_CXX_LANGUAGE_STANDARD = "gnu++20";
				CLANG_ENABLE_MODULES = YES;
				CLANG_ENABLE_OBJC_ARC = YES;
				CLANG_ENABLE_OBJC_WEAK = YES;
				CLANG_WARN_BLOCK_CAPTURE_AUTORELEASING = YES;
				CLANG_WARN_BOOL_CONVERSION = YES;
				CLANG_WARN_COMMA = YES;
				CLANG_WARN_CONSTANT_CONVERSION = YES;
				CLANG_WARN_DEPRECATED_OBJC_IMPLEMENTATIONS = YES;
				CLANG_WARN_DIRECT_OBJC_ISA_USAGE = YES_ERROR;
				CLANG_WARN_DOCUMENTATION_COMMENTS = YES;
				CLANG_WARN_EMPTY_BODY = YES;
				CLANG_WARN_ENUM_CONVERSION = YES;
				CLANG_WARN_INFINITE_RECURSION = YES;
				CLANG_WARN_INT_CONVERSION = YES;
				CLANG_WARN_NON_LITERAL_NULL_CONVERSION = YES;
				CLANG_WARN_OBJC_IMPLICIT_RETAIN_SELF = YES;
				CLANG_WARN_OBJC_LITERAL_CONVERSION = YES;
				CLANG_WARN_OBJC_ROOT_CLASS = YES_ERROR;
				CLANG_WARN_QUOTED_INCLUDE_IN_FRAMEWORK_HEADER = YES;
				CLANG_WARN_RANGE_LOOP_ANALYSIS = YES;
				CLANG_WARN_STRICT_PROTOTYPES = YES;
				CLANG_WARN_SUSPICIOUS_MOVE = YES;
				CLANG_WARN_UNGUARDED_AVAILABILITY = YES_AGGRESSIVE;
				CLANG_WARN_UNREACHABLE_CODE = YES;
				CLANG_WARN__DUPLICATE_METHOD_MATCH = YES;
				COPY_PHASE_STRIP = NO;
				DEBUG_INFORMATION_FORMAT = "dwarf-with-dsym";
				ENABLE_NS_ASSERTIONS = NO;
				ENABLE_STRICT_OBJC_MSGSEND = YES;
				GCC_C_LANGUAGE_STANDARD = gnu11;
				GCC_NO_COMMON_BLOCKS = YES;
				GCC_WARN_64_TO_32_BIT_CONVERSION = YES;
				GCC_WARN_ABOUT_RETURN_TYPE = YES_ERROR;
				GCC_WARN_UNDECLARED_SELECTOR = YES;
				GCC_WARN_UNINITIALIZED_AUTOS = YES_AGGRESSIVE;
				GCC_WARN_UNUSED_FUNCTION = YES;
				GCC_WARN_UNUSED_VARIABLE = YES;
				IPHONEOS_DEPLOYMENT_TARGET = 16.0;
				MTL_ENABLE_DEBUG_INFO = NO;
				MTL_FAST_MATH = YES;
				SDKROOT = iphoneos;
				SWIFT_COMPILATION_MODE = wholemodule;
				SWIFT_OPTIMIZATION_LEVEL = "-O";
				VALIDATE_PRODUCT = YES;
			};
			name = Release;
		};
		6B7C306828F6D50000C6BE91 /* Debug */ = {
			isa = XCBuildConfiguration;
			buildSettings = {
				ASSETCATALOG_COMPILER_APPICON_NAME = AppIcon;
				ASSETCATALOG_COMPILER_GLOBAL_ACCENT_COLOR_NAME = AccentColor;
				CODE_SIGN_STYLE = Automatic;
				CURRENT_PROJECT_VERSION = 1;
				DEVELOPMENT_ASSET_PATHS = "\"HeyChargeiOS/Preview Content\"";
				DEVELOPMENT_TEAM = D5PVL36MT5;
				ENABLE_PREVIEWS = YES;
				GENERATE_INFOPLIST_FILE = YES;
				INFOPLIST_KEY_UIApplicationSceneManifest_Generation = YES;
				INFOPLIST_KEY_UIApplicationSupportsIndirectInputEvents = YES;
				INFOPLIST_KEY_UILaunchScreen_Generation = YES;
				INFOPLIST_KEY_UISupportedInterfaceOrientations_iPad = "UIInterfaceOrientationPortrait UIInterfaceOrientationPortraitUpsideDown UIInterfaceOrientationLandscapeLeft UIInterfaceOrientationLandscapeRight";
				INFOPLIST_KEY_UISupportedInterfaceOrientations_iPhone = "UIInterfaceOrientationPortrait UIInterfaceOrientationLandscapeLeft UIInterfaceOrientationLandscapeRight";
				LD_RUNPATH_SEARCH_PATHS = (
					"$(inherited)",
					"@executable_path/Frameworks",
				);
				MARKETING_VERSION = 1.0;
				PRODUCT_BUNDLE_IDENTIFIER = com.khort.HeyChargeiOS;
				PRODUCT_NAME = "$(TARGET_NAME)";
				SWIFT_EMIT_LOC_STRINGS = YES;
				SWIFT_VERSION = 5.0;
				TARGETED_DEVICE_FAMILY = "1,2";
			};
			name = Debug;
		};
		6B7C306928F6D50000C6BE91 /* Release */ = {
			isa = XCBuildConfiguration;
			buildSettings = {
				ASSETCATALOG_COMPILER_APPICON_NAME = AppIcon;
				ASSETCATALOG_COMPILER_GLOBAL_ACCENT_COLOR_NAME = AccentColor;
				CODE_SIGN_STYLE = Automatic;
				CURRENT_PROJECT_VERSION = 1;
				DEVELOPMENT_ASSET_PATHS = "\"HeyChargeiOS/Preview Content\"";
				DEVELOPMENT_TEAM = D5PVL36MT5;
				ENABLE_PREVIEWS = YES;
				GENERATE_INFOPLIST_FILE = YES;
				INFOPLIST_KEY_UIApplicationSceneManifest_Generation = YES;
				INFOPLIST_KEY_UIApplicationSupportsIndirectInputEvents = YES;
				INFOPLIST_KEY_UILaunchScreen_Generation = YES;
				INFOPLIST_KEY_UISupportedInterfaceOrientations_iPad = "UIInterfaceOrientationPortrait UIInterfaceOrientationPortraitUpsideDown UIInterfaceOrientationLandscapeLeft UIInterfaceOrientationLandscapeRight";
				INFOPLIST_KEY_UISupportedInterfaceOrientations_iPhone = "UIInterfaceOrientationPortrait UIInterfaceOrientationLandscapeLeft UIInterfaceOrientationLandscapeRight";
				LD_RUNPATH_SEARCH_PATHS = (
					"$(inherited)",
					"@executable_path/Frameworks",
				);
				MARKETING_VERSION = 1.0;
				PRODUCT_BUNDLE_IDENTIFIER = com.khort.HeyChargeiOS;
				PRODUCT_NAME = "$(TARGET_NAME)";
				SWIFT_EMIT_LOC_STRINGS = YES;
				SWIFT_VERSION = 5.0;
				TARGETED_DEVICE_FAMILY = "1,2";
			};
			name = Release;
		};
/* End XCBuildConfiguration section */

/* Begin XCConfigurationList section */
		6B7C305428F6D4FE00C6BE91 /* Build configuration list for PBXProject "HeyChargeiOS" */ = {
			isa = XCConfigurationList;
			buildConfigurations = (
				6B7C306528F6D50000C6BE91 /* Debug */,
				6B7C306628F6D50000C6BE91 /* Release */,
			);
			defaultConfigurationIsVisible = 0;
			defaultConfigurationName = Release;
		};
		6B7C306728F6D50000C6BE91 /* Build configuration list for PBXNativeTarget "HeyChargeiOS" */ = {
			isa = XCConfigurationList;
			buildConfigurations = (
				6B7C306828F6D50000C6BE91 /* Debug */,
				6B7C306928F6D50000C6BE91 /* Release */,
			);
			defaultConfigurationIsVisible = 0;
			defaultConfigurationName = Release;
		};
/* End XCConfigurationList section */
	};
	rootObject = 6B7C305128F6D4FE00C6BE91 /* Project object */;
}
